{
  "name": "picos-util",
  "version": "0.1.4",
  "lockfileVersion": 1,
  "requires": true,
  "dependencies": {
    "pico-common": {
      "version": "0.10.18",
      "resolved": "https://registry.npmjs.org/pico-common/-/pico-common-0.10.18.tgz",
      "integrity": "sha512-WmVHYQyrt49ORplCAL7MB0ZIlCyiH31B1vtV3IooIua+ac84KFILyqaXN1mi3JY+BTSSTgzpdPsBSBjQclHIsQ=="
    }
  }
}
