{
  "name": "picos-util",
  "version": "0.1.2",
  "lockfileVersion": 1,
  "requires": true,
  "dependencies": {
    "pico-common": {
      "version": "0.8.8",
      "resolved": "https://registry.npmjs.org/pico-common/-/pico-common-0.8.8.tgz",
      "integrity": "sha512-a25GzALl4u4/AorOGH+btliyH8R1fgQNHyAMrcfkIIkjnFY6S1JViOCXpxDVwtMy8SsLPcbIFh9xcQ3BXfRH6g=="
    }
  }
}
