{
  "name": "picos-util",
  "version": "0.2.0",
  "lockfileVersion": 1,
  "requires": true,
  "dependencies": {
    "pico-common": {
      "version": "0.14.17",
      "resolved": "https://registry.npmjs.org/pico-common/-/pico-common-0.14.17.tgz",
      "integrity": "sha512-dMj2pPSMbwydXijInatc+pF3r15mHiNjnIZ5Q6LxYbUEF7QyK3J5/VB+ctsoYqfLPR8oiM/X4cb+6FwCjm85/Q=="
    }
  }
}
